{
    "name": "codepen-theme-original",
    "version": "0.9.0",
    "lockfileVersion": 3,
    "requires": true,
    "packages": {
        "": {
            "name": "codepen-theme-original",
            "version": "0.9.0",
            "license": "Apache-2.0",
            "engines": {
                "vscode": "^1.0.0"
            }
        }
    }
}
